
Microsoft Visual Studio Solution File, Format Version 12.00
# Visual Studio 15
VisualStudioVersion = 15.0.28307.329
MinimumVisualStudioVersion = 10.0.40219.1
Project("{FAE04EC0-301F-11D3-BF4B-00C04F79EFBC}") = "task3", "task3\task3.csproj", "{24C03366-A4C9-4428-BEA9-70A60EFC36AF}"
EndProject
Global
	GlobalSection(SolutionConfigurationPlatforms) = preSolution
		Debug|Any CPU = Debug|Any CPU
		Release|Any CPU = Release|Any CPU
	EndGlobalSection
	GlobalSection(ProjectConfigurationPlatforms) = postSolution
		{24C03366-A4C9-4428-BEA9-70A60EFC36AF}.Debug|Any CPU.ActiveCfg = Debug|Any CPU
		{24C03366-A4C9-4428-BEA9-70A60EFC36AF}.Debug|Any CPU.Build.0 = Debug|Any CPU
		{24C03366-A4C9-4428-BEA9-70A60EFC36AF}.Release|Any CPU.ActiveCfg = Release|Any CPU
		{24C03366-A4C9-4428-BEA9-70A60EFC36AF}.Release|Any CPU.Build.0 = Release|Any CPU
	EndGlobalSection
	GlobalSection(SolutionProperties) = preSolution
		HideSolutionNode = FALSE
	EndGlobalSection
	GlobalSection(ExtensibilityGlobals) = postSolution
		SolutionGuid = {62A5B104-96E0-45F1-9922-F1C91BB4A10C}
	EndGlobalSection
EndGlobal
